
Microsoft Visual Studio Solution File, Format Version 12.00
# Visual Studio Version 17
VisualStudioVersion = 17.2.32616.157
MinimumVisualStudioVersion = 10.0.40219.1
Project("{FAE04EC0-301F-11D3-BF4B-00C04F79EFBC}") = "Battle Ships", "Battle Ships\Battle Ships.csproj", "{7FEAAB95-9CF7-4E3C-BD12-C329B8D53A61}"
EndProject
Global
	GlobalSection(SolutionConfigurationPlatforms) = preSolution
		Debug|Any CPU = Debug|Any CPU
		Release|Any CPU = Release|Any CPU
	EndGlobalSection
	GlobalSection(ProjectConfigurationPlatforms) = postSolution
		{7FEAAB95-9CF7-4E3C-BD12-C329B8D53A61}.Debug|Any CPU.ActiveCfg = Debug|Any CPU
		{7FEAAB95-9CF7-4E3C-BD12-C329B8D53A61}.Debug|Any CPU.Build.0 = Debug|Any CPU
		{7FEAAB95-9CF7-4E3C-BD12-C329B8D53A61}.Release|Any CPU.ActiveCfg = Release|Any CPU
		{7FEAAB95-9CF7-4E3C-BD12-C329B8D53A61}.Release|Any CPU.Build.0 = Release|Any CPU
	EndGlobalSection
	GlobalSection(SolutionProperties) = preSolution
		HideSolutionNode = FALSE
	EndGlobalSection
	GlobalSection(ExtensibilityGlobals) = postSolution
		SolutionGuid = {F18FBE67-7F0F-457C-A3D5-FBD8E30A25FA}
	EndGlobalSection
EndGlobal
